{
  "version": 4,
  "terraform_version": "1.0.3",
  "serial": 12,
  "lineage": "bd7f409c-de95-c407-53c6-84c8e178153e",
  "outputs": {},
  "resources": [
    {
      "mode": "data",
      "type": "google_client_openid_userinfo",
      "name": "me",
      "provider": "provider[\"registry.terraform.io/hashicorp/google\"]",
      "instances": [
        {
          "schema_version": 0,
          "attributes": {
            "email": "olsydor@task4-tf-1-320920.iam.gserviceaccount.com",
            "id": "olsydor@task4-tf-1-320920.iam.gserviceaccount.com"
          },
          "sensitive_attributes": []
        }
      ]
    },
    {
      "mode": "managed",
      "type": "google_compute_firewall",
      "name": "default",
      "provider": "provider[\"registry.terraform.io/hashicorp/google\"]",
      "instances": [
        {
          "schema_version": 1,
          "attributes": {
            "allow": [
              {
                "ports": [
                  "80",
                  "8080",
                  "1000-2000",
                  "443"
                ],
                "protocol": "tcp"
              },
              {
                "ports": [],
                "protocol": "icmp"
              }
            ],
            "creation_timestamp": "2021-07-26T01:19:31.699-07:00",
            "deny": [],
            "description": "",
            "destination_ranges": [],
            "direction": "INGRESS",
            "disabled": false,
            "enable_logging": null,
            "id": "projects/task4-tf-1-320920/global/firewalls/test-firewall",
            "log_config": [],
            "name": "test-firewall",
            "network": "https://www.googleapis.com/compute/v1/projects/task4-tf-1-320920/global/networks/test-network",
            "priority": 1000,
            "project": "task4-tf-1-320920",
            "self_link": "https://www.googleapis.com/compute/v1/projects/task4-tf-1-320920/global/firewalls/test-firewall",
            "source_ranges": [],
            "source_service_accounts": [],
            "source_tags": [
              "web"
            ],
            "target_service_accounts": [],
            "target_tags": [],
            "timeouts": null
          },
          "sensitive_attributes": [],
          "private": "eyJlMmJmYjczMC1lY2FhLTExZTYtOGY4OC0zNDM2M2JjN2M0YzAiOnsiY3JlYXRlIjoyNDAwMDAwMDAwMDAsImRlbGV0ZSI6MjQwMDAwMDAwMDAwLCJ1cGRhdGUiOjI0MDAwMDAwMDAwMH0sInNjaGVtYV92ZXJzaW9uIjoiMSJ9",
          "dependencies": [
            "google_compute_network.default"
          ]
        }
      ]
    },
    {
      "mode": "managed",
      "type": "google_compute_instance",
      "name": "vm_instance",
      "provider": "provider[\"registry.terraform.io/hashicorp/google\"]",
      "instances": [
        {
          "schema_version": 6,
          "attributes": {
            "advanced_machine_features": [],
            "allow_stopping_for_update": null,
            "attached_disk": [],
            "boot_disk": [
              {
                "auto_delete": true,
                "device_name": "persistent-disk-0",
                "disk_encryption_key_raw": "",
                "disk_encryption_key_sha256": "",
                "initialize_params": [
                  {
                    "image": "https://www.googleapis.com/compute/v1/projects/ubuntu-os-cloud/global/images/ubuntu-2004-focal-v20210720",
                    "labels": {},
                    "size": 10,
                    "type": "pd-standard"
                  }
                ],
                "kms_key_self_link": "",
                "mode": "READ_WRITE",
                "source": "https://www.googleapis.com/compute/v1/projects/task4-tf-1-320920/zones/europe-west3-a/disks/terraform-instance"
              }
            ],
            "can_ip_forward": false,
            "confidential_instance_config": [],
            "cpu_platform": "Intel Broadwell",
            "current_status": "RUNNING",
            "deletion_protection": false,
            "description": "",
            "desired_status": null,
            "enable_display": false,
            "guest_accelerator": [],
            "hostname": "",
            "id": "projects/task4-tf-1-320920/zones/europe-west3-a/instances/terraform-instance",
            "instance_id": "928005538071132966",
            "label_fingerprint": "42WmSpB8rSM=",
            "labels": null,
            "machine_type": "f1-micro",
            "metadata": null,
            "metadata_fingerprint": "rvJveodA4OQ=",
            "metadata_startup_script": "#!/bin/bash\n\nsudo apt-get update \u0026\u0026 sudo apt -y install apache2\n\n\necho '\u003c!doctype html\u003e\u003chtml\u003e\u003cbody\u003e\u003ch1\u003eHello You Successfully was able to run a webserver on GCP with Terraform!\u003c/h1\u003e\u003c/body\u003e\u003c/html\u003e' | sudo tee /var/www/html/index.html\n",
            "min_cpu_platform": "",
            "name": "terraform-instance",
            "network_interface": [
              {
                "access_config": [
                  {
                    "nat_ip": "35.198.66.72",
                    "network_tier": "PREMIUM",
                    "public_ptr_domain_name": ""
                  }
                ],
                "alias_ip_range": [],
                "name": "nic0",
                "network": "https://www.googleapis.com/compute/v1/projects/task4-tf-1-320920/global/networks/default",
                "network_ip": "10.156.0.5",
                "nic_type": "",
                "subnetwork": "https://www.googleapis.com/compute/v1/projects/task4-tf-1-320920/regions/europe-west3/subnetworks/default",
                "subnetwork_project": "task4-tf-1-320920"
              }
            ],
            "project": "task4-tf-1-320920",
            "reservation_affinity": [],
            "resource_policies": null,
            "scheduling": [
              {
                "automatic_restart": false,
                "min_node_cpus": 0,
                "node_affinities": [],
                "on_host_maintenance": "TERMINATE",
                "preemptible": true
              }
            ],
            "scratch_disk": [],
            "self_link": "https://www.googleapis.com/compute/v1/projects/task4-tf-1-320920/zones/europe-west3-a/instances/terraform-instance",
            "service_account": [],
            "shielded_instance_config": [
              {
                "enable_integrity_monitoring": true,
                "enable_secure_boot": false,
                "enable_vtpm": true
              }
            ],
            "tags": null,
            "tags_fingerprint": "42WmSpB8rSM=",
            "timeouts": null,
            "zone": "europe-west3-a"
          },
          "sensitive_attributes": [],
          "private": "eyJlMmJmYjczMC1lY2FhLTExZTYtOGY4OC0zNDM2M2JjN2M0YzAiOnsiY3JlYXRlIjoxMjAwMDAwMDAwMDAwLCJkZWxldGUiOjEyMDAwMDAwMDAwMDAsInVwZGF0ZSI6MTIwMDAwMDAwMDAwMH0sInNjaGVtYV92ZXJzaW9uIjoiNiJ9"
        }
      ]
    },
    {
      "mode": "managed",
      "type": "google_compute_network",
      "name": "default",
      "provider": "provider[\"registry.terraform.io/hashicorp/google\"]",
      "instances": [
        {
          "schema_version": 0,
          "attributes": {
            "auto_create_subnetworks": true,
            "delete_default_routes_on_create": false,
            "description": "",
            "gateway_ipv4": "",
            "id": "projects/task4-tf-1-320920/global/networks/test-network",
            "mtu": 0,
            "name": "test-network",
            "project": "task4-tf-1-320920",
            "routing_mode": "REGIONAL",
            "self_link": "https://www.googleapis.com/compute/v1/projects/task4-tf-1-320920/global/networks/test-network",
            "timeouts": null
          },
          "sensitive_attributes": [],
          "private": "eyJlMmJmYjczMC1lY2FhLTExZTYtOGY4OC0zNDM2M2JjN2M0YzAiOnsiY3JlYXRlIjoyNDAwMDAwMDAwMDAsImRlbGV0ZSI6MjQwMDAwMDAwMDAwLCJ1cGRhdGUiOjI0MDAwMDAwMDAwMH19"
        }
      ]
    },
    {
      "mode": "managed",
      "type": "google_os_login_ssh_public_key",
      "name": "cache",
      "provider": "provider[\"registry.terraform.io/hashicorp/google\"]",
      "instances": [
        {
          "schema_version": 0,
          "attributes": {
            "expiration_time_usec": "",
            "fingerprint": "236a85124be21269820f9d62dcf833e3f59a248e31b3063e1d2b3eb236029b41",
            "id": "users/olsydor@task4-tf-1-320920.iam.gserviceaccount.com/sshPublicKeys/236a85124be21269820f9d62dcf833e3f59a248e31b3063e1d2b3eb236029b41",
            "key": "ssh-rsa AAAAB3NzaC1yc2EAAAADAQABAAABgQDv5xS62e/VzWDQc0d79zVdWMob0Xfqsj4p/IIfYPTxpLLtTDM4tZzlCkUbkxq84AGozL4ER3MY01aSyKp8c/nm1K4jlHQeBnmTNMYYXCaY7O0fPsL+XFLqOsrFKK+6wfPen5shHrSYS2ycB7HnS0P0UJbbo6Ozle5nBS/H3mM5GpC7XvWN0H45/qyrb6HRUBMFcFNik9EXE0LtjX4PjaAPg7OaP4ulYlOTyklwgHMQIp1I3eexjbN0u3+bup9DrquIQtL0ht/yeDyUU0l/5CfsyPyIjoJ9LrQ0Gk6usoo8htOQxsrHMAtwjQD5NTH1TUoqqwAcVQ3ObT8i82D1ALQZ7D7qw7bhDk3H+3Ru+2fUmj9CM0CE+yv2MgSU1w5ULnkM2HQBYCpNL5j6dfnhdVfyifkKBW2Uxf86RecufIl/LuQHpJnFUYOpHb7AwzeHKNSg7jS5IuB3Gl4LD8POh17BaM/LvzY0irf3d74SfhfM/69Fws4KlLpGJLeFo5R+zAU= olsydor@olsydorlptp\n",
            "project": null,
            "timeouts": null,
            "user": "olsydor@task4-tf-1-320920.iam.gserviceaccount.com"
          },
          "sensitive_attributes": [],
          "private": "eyJlMmJmYjczMC1lY2FhLTExZTYtOGY4OC0zNDM2M2JjN2M0YzAiOnsiY3JlYXRlIjoyNDAwMDAwMDAwMDAsImRlbGV0ZSI6MjQwMDAwMDAwMDAwLCJ1cGRhdGUiOjI0MDAwMDAwMDAwMH19",
          "dependencies": [
            "data.google_client_openid_userinfo.me"
          ]
        }
      ]
    }
  ]
}
